
Microsoft Visual Studio Solution File, Format Version 12.00
# Visual Studio Version 16
VisualStudioVersion = 16.0.30413.136
MinimumVisualStudioVersion = 10.0.40219.1
Project("{FAE04EC0-301F-11D3-BF4B-00C04F79EFBC}") = "PhotoPreview", "PhotoPreview\PhotoPreview.csproj", "{C1F6CB88-180F-4DDB-91E4-A3E6FD995372}"
EndProject
Global
	GlobalSection(SolutionConfigurationPlatforms) = preSolution
		Debug|Any CPU = Debug|Any CPU
		Release|Any CPU = Release|Any CPU
	EndGlobalSection
	GlobalSection(ProjectConfigurationPlatforms) = postSolution
		{C1F6CB88-180F-4DDB-91E4-A3E6FD995372}.Debug|Any CPU.ActiveCfg = Debug|Any CPU
		{C1F6CB88-180F-4DDB-91E4-A3E6FD995372}.Debug|Any CPU.Build.0 = Debug|Any CPU
		{C1F6CB88-180F-4DDB-91E4-A3E6FD995372}.Release|Any CPU.ActiveCfg = Release|Any CPU
		{C1F6CB88-180F-4DDB-91E4-A3E6FD995372}.Release|Any CPU.Build.0 = Release|Any CPU
	EndGlobalSection
	GlobalSection(SolutionProperties) = preSolution
		HideSolutionNode = FALSE
	EndGlobalSection
	GlobalSection(ExtensibilityGlobals) = postSolution
		SolutionGuid = {A308BB76-996C-44F9-95AF-8C6A63AB0AF0}
	EndGlobalSection
EndGlobal
